// !$*UTF8*$!
{
	archiveVersion = 1;
	classes = {
	};
	objectVersion = 56;
	objects = {

/* Begin PBXBuildFile section */
		5514C3EE2A93700700B05A4E /* MoonShotApp.swift in Sources */ = {isa = PBXBuildFile; fileRef = 5514C3ED2A93700700B05A4E /* MoonShotApp.swift */; };
		5514C3F02A93700700B05A4E /* ContentView.swift in Sources */ = {isa = PBXBuildFile; fileRef = 5514C3EF2A93700700B05A4E /* ContentView.swift */; };
		5514C3F22A93700900B05A4E /* Assets.xcassets in Resources */ = {isa = PBXBuildFile; fileRef = 5514C3F12A93700900B05A4E /* Assets.xcassets */; };
		5514C3F52A93700900B05A4E /* Preview Assets.xcassets in Resources */ = {isa = PBXBuildFile; fileRef = 5514C3F42A93700900B05A4E /* Preview Assets.xcassets */; };
		5514C3FF2A93700900B05A4E /* MoonShotTests.swift in Sources */ = {isa = PBXBuildFile; fileRef = 5514C3FE2A93700900B05A4E /* MoonShotTests.swift */; };
		5514C4092A93700900B05A4E /* MoonShotUITests.swift in Sources */ = {isa = PBXBuildFile; fileRef = 5514C4082A93700900B05A4E /* MoonShotUITests.swift */; };
		5514C40B2A93700900B05A4E /* MoonShotUITestsLaunchTests.swift in Sources */ = {isa = PBXBuildFile; fileRef = 5514C40A2A93700900B05A4E /* MoonShotUITestsLaunchTests.swift */; };
		5514C4202AA5ED3700B05A4E /* astronauts.json in Resources */ = {isa = PBXBuildFile; fileRef = 5514C41F2AA5ED3700B05A4E /* astronauts.json */; };
		5514C4222AA5ED3D00B05A4E /* missions.json in Resources */ = {isa = PBXBuildFile; fileRef = 5514C4212AA5ED3D00B05A4E /* missions.json */; };
		5514C4242AA5F5AA00B05A4E /* Astronaut .swift in Sources */ = {isa = PBXBuildFile; fileRef = 5514C4232AA5F5AA00B05A4E /* Astronaut .swift */; };
		5514C4262AA615C500B05A4E /* bundle-decodable.swift in Sources */ = {isa = PBXBuildFile; fileRef = 5514C4252AA615C500B05A4E /* bundle-decodable.swift */; };
		5514C4282AA61AFA00B05A4E /* Mission.swift in Sources */ = {isa = PBXBuildFile; fileRef = 5514C4272AA61AFA00B05A4E /* Mission.swift */; };
		5514C42A2AA65E5600B05A4E /* Color-theme.swift in Sources */ = {isa = PBXBuildFile; fileRef = 5514C4292AA65E5600B05A4E /* Color-theme.swift */; };
		5514C42E2AA7622B00B05A4E /* MissionView.swift in Sources */ = {isa = PBXBuildFile; fileRef = 5514C42D2AA7622B00B05A4E /* MissionView.swift */; };
/* End PBXBuildFile section */

/* Begin PBXContainerItemProxy section */
		5514C3FB2A93700900B05A4E /* PBXContainerItemProxy */ = {
			isa = PBXContainerItemProxy;
			containerPortal = 5514C3E22A93700700B05A4E /* Project object */;
			proxyType = 1;
			remoteGlobalIDString = 5514C3E92A93700700B05A4E;
			remoteInfo = MoonShot;
		};
		5514C4052A93700900B05A4E /* PBXContainerItemProxy */ = {
			isa = PBXContainerItemProxy;
			containerPortal = 5514C3E22A93700700B05A4E /* Project object */;
			proxyType = 1;
			remoteGlobalIDString = 5514C3E92A93700700B05A4E;
			remoteInfo = MoonShot;
		};
/* End PBXContainerItemProxy section */

/* Begin PBXFileReference section */
		5514C3EA2A93700700B05A4E /* MoonShot.app */ = {isa = PBXFileReference; explicitFileType = wrapper.application; includeInIndex = 0; path = MoonShot.app; sourceTree = BUILT_PRODUCTS_DIR; };
		5514C3ED2A93700700B05A4E /* MoonShotApp.swift */ = {isa = PBXFileReference; lastKnownFileType = sourcecode.swift; path = MoonShotApp.swift; sourceTree = "<group>"; };
		5514C3EF2A93700700B05A4E /* ContentView.swift */ = {isa = PBXFileReference; lastKnownFileType = sourcecode.swift; path = ContentView.swift; sourceTree = "<group>"; };
		5514C3F12A93700900B05A4E /* Assets.xcassets */ = {isa = PBXFileReference; lastKnownFileType = folder.assetcatalog; path = Assets.xcassets; sourceTree = "<group>"; };
		5514C3F42A93700900B05A4E /* Preview Assets.xcassets */ = {isa = PBXFileReference; lastKnownFileType = folder.assetcatalog; path = "Preview Assets.xcassets"; sourceTree = "<group>"; };
		5514C3FA2A93700900B05A4E /* MoonShotTests.xctest */ = {isa = PBXFileReference; explicitFileType = wrapper.cfbundle; includeInIndex = 0; path = MoonShotTests.xctest; sourceTree = BUILT_PRODUCTS_DIR; };
		5514C3FE2A93700900B05A4E /* MoonShotTests.swift */ = {isa = PBXFileReference; lastKnownFileType = sourcecode.swift; path = MoonShotTests.swift; sourceTree = "<group>"; };
		5514C4042A93700900B05A4E /* MoonShotUITests.xctest */ = {isa = PBXFileReference; explicitFileType = wrapper.cfbundle; includeInIndex = 0; path = MoonShotUITests.xctest; sourceTree = BUILT_PRODUCTS_DIR; };
		5514C4082A93700900B05A4E /* MoonShotUITests.swift */ = {isa = PBXFileReference; lastKnownFileType = sourcecode.swift; path = MoonShotUITests.swift; sourceTree = "<group>"; };
		5514C40A2A93700900B05A4E /* MoonShotUITestsLaunchTests.swift */ = {isa = PBXFileReference; lastKnownFileType = sourcecode.swift; path = MoonShotUITestsLaunchTests.swift; sourceTree = "<group>"; };
		5514C41F2AA5ED3700B05A4E /* astronauts.json */ = {isa = PBXFileReference; fileEncoding = 4; lastKnownFileType = text.json; path = astronauts.json; sourceTree = "<group>"; };
		5514C4212AA5ED3D00B05A4E /* missions.json */ = {isa = PBXFileReference; fileEncoding = 4; lastKnownFileType = text.json; path = missions.json; sourceTree = "<group>"; };
		5514C4232AA5F5AA00B05A4E /* Astronaut .swift */ = {isa = PBXFileReference; lastKnownFileType = sourcecode.swift; path = "Astronaut .swift"; sourceTree = "<group>"; };
		5514C4252AA615C500B05A4E /* bundle-decodable.swift */ = {isa = PBXFileReference; lastKnownFileType = sourcecode.swift; path = "bundle-decodable.swift"; sourceTree = "<group>"; };
		5514C4272AA61AFA00B05A4E /* Mission.swift */ = {isa = PBXFileReference; lastKnownFileType = sourcecode.swift; path = Mission.swift; sourceTree = "<group>"; };
		5514C4292AA65E5600B05A4E /* Color-theme.swift */ = {isa = PBXFileReference; lastKnownFileType = sourcecode.swift; path = "Color-theme.swift"; sourceTree = "<group>"; };
		5514C42D2AA7622B00B05A4E /* MissionView.swift */ = {isa = PBXFileReference; lastKnownFileType = sourcecode.swift; path = MissionView.swift; sourceTree = "<group>"; };
/* End PBXFileReference section */

/* Begin PBXFrameworksBuildPhase section */
		5514C3E72A93700700B05A4E /* Frameworks */ = {
			isa = PBXFrameworksBuildPhase;
			buildActionMask = 2147483647;
			files = (
			);
			runOnlyForDeploymentPostprocessing = 0;
		};
		5514C3F72A93700900B05A4E /* Frameworks */ = {
			isa = PBXFrameworksBuildPhase;
			buildActionMask = 2147483647;
			files = (
			);
			runOnlyForDeploymentPostprocessing = 0;
		};
		5514C4012A93700900B05A4E /* Frameworks */ = {
			isa = PBXFrameworksBuildPhase;
			buildActionMask = 2147483647;
			files = (
			);
			runOnlyForDeploymentPostprocessing = 0;
		};
/* End PBXFrameworksBuildPhase section */

/* Begin PBXGroup section */
		5514C3E12A93700700B05A4E = {
			isa = PBXGroup;
			children = (
				5514C4252AA615C500B05A4E /* bundle-decodable.swift */,
				5514C3EC2A93700700B05A4E /* MoonShot */,
				5514C3FD2A93700900B05A4E /* MoonShotTests */,
				5514C4072A93700900B05A4E /* MoonShotUITests */,
				5514C3EB2A93700700B05A4E /* Products */,
			);
			sourceTree = "<group>";
		};
		5514C3EB2A93700700B05A4E /* Products */ = {
			isa = PBXGroup;
			children = (
				5514C3EA2A93700700B05A4E /* MoonShot.app */,
				5514C3FA2A93700900B05A4E /* MoonShotTests.xctest */,
				5514C4042A93700900B05A4E /* MoonShotUITests.xctest */,
			);
			name = Products;
			sourceTree = "<group>";
		};
		5514C3EC2A93700700B05A4E /* MoonShot */ = {
			isa = PBXGroup;
			children = (
				5514C3ED2A93700700B05A4E /* MoonShotApp.swift */,
				5514C42F2AA7659400B05A4E /* Models */,
				5514C4302AA765A400B05A4E /* Views */,
				5514C41F2AA5ED3700B05A4E /* astronauts.json */,
				5514C4212AA5ED3D00B05A4E /* missions.json */,
				5514C3F12A93700900B05A4E /* Assets.xcassets */,
				5514C3F32A93700900B05A4E /* Preview Content */,
				5514C42C2AA75D3F00B05A4E /* extensions  */,
			);
			path = MoonShot;
			sourceTree = "<group>";
		};
		5514C3F32A93700900B05A4E /* Preview Content */ = {
			isa = PBXGroup;
			children = (
				5514C3F42A93700900B05A4E /* Preview Assets.xcassets */,
			);
			path = "Preview Content";
			sourceTree = "<group>";
		};
		5514C3FD2A93700900B05A4E /* MoonShotTests */ = {
			isa = PBXGroup;
			children = (
				5514C3FE2A93700900B05A4E /* MoonShotTests.swift */,
			);
			path = MoonShotTests;
			sourceTree = "<group>";
		};
		5514C4072A93700900B05A4E /* MoonShotUITests */ = {
			isa = PBXGroup;
			children = (
				5514C4082A93700900B05A4E /* MoonShotUITests.swift */,
				5514C40A2A93700900B05A4E /* MoonShotUITestsLaunchTests.swift */,
			);
			path = MoonShotUITests;
			sourceTree = "<group>";
		};
		5514C42C2AA75D3F00B05A4E /* extensions  */ = {
			isa = PBXGroup;
			children = (
				5514C4292AA65E5600B05A4E /* Color-theme.swift */,
			);
			path = "extensions ";
			sourceTree = "<group>";
		};
		5514C42F2AA7659400B05A4E /* Models */ = {
			isa = PBXGroup;
			children = (
				5514C4272AA61AFA00B05A4E /* Mission.swift */,
				5514C4232AA5F5AA00B05A4E /* Astronaut .swift */,
			);
			path = Models;
			sourceTree = "<group>";
		};
		5514C4302AA765A400B05A4E /* Views */ = {
			isa = PBXGroup;
			children = (
				5514C3EF2A93700700B05A4E /* ContentView.swift */,
				5514C42D2AA7622B00B05A4E /* MissionView.swift */,
			);
			path = Views;
			sourceTree = "<group>";
		};
/* End PBXGroup section */

/* Begin PBXNativeTarget section */
		5514C3E92A93700700B05A4E /* MoonShot */ = {
			isa = PBXNativeTarget;
			buildConfigurationList = 5514C40E2A93700900B05A4E /* Build configuration list for PBXNativeTarget "MoonShot" */;
			buildPhases = (
				5514C3E62A93700700B05A4E /* Sources */,
				5514C3E72A93700700B05A4E /* Frameworks */,
				5514C3E82A93700700B05A4E /* Resources */,
			);
			buildRules = (
			);
			dependencies = (
			);
			name = MoonShot;
			productName = MoonShot;
			productReference = 5514C3EA2A93700700B05A4E /* MoonShot.app */;
			productType = "com.apple.product-type.application";
		};
		5514C3F92A93700900B05A4E /* MoonShotTests */ = {
			isa = PBXNativeTarget;
			buildConfigurationList = 5514C4112A93700900B05A4E /* Build configuration list for PBXNativeTarget "MoonShotTests" */;
			buildPhases = (
				5514C3F62A93700900B05A4E /* Sources */,
				5514C3F72A93700900B05A4E /* Frameworks */,
				5514C3F82A93700900B05A4E /* Resources */,
			);
			buildRules = (
			);
			dependencies = (
				5514C3FC2A93700900B05A4E /* PBXTargetDependency */,
			);
			name = MoonShotTests;
			productName = MoonShotTests;
			productReference = 5514C3FA2A93700900B05A4E /* MoonShotTests.xctest */;
			productType = "com.apple.product-type.bundle.unit-test";
		};
		5514C4032A93700900B05A4E /* MoonShotUITests */ = {
			isa = PBXNativeTarget;
			buildConfigurationList = 5514C4142A93700900B05A4E /* Build configuration list for PBXNativeTarget "MoonShotUITests" */;
			buildPhases = (
				5514C4002A93700900B05A4E /* Sources */,
				5514C4012A93700900B05A4E /* Frameworks */,
				5514C4022A93700900B05A4E /* Resources */,
			);
			buildRules = (
			);
			dependencies = (
				5514C4062A93700900B05A4E /* PBXTargetDependency */,
			);
			name = MoonShotUITests;
			productName = MoonShotUITests;
			productReference = 5514C4042A93700900B05A4E /* MoonShotUITests.xctest */;
			productType = "com.apple.product-type.bundle.ui-testing";
		};
/* End PBXNativeTarget section */

/* Begin PBXProject section */
		5514C3E22A93700700B05A4E /* Project object */ = {
			isa = PBXProject;
			attributes = {
				BuildIndependentTargetsInParallel = 1;
				LastSwiftUpdateCheck = 1430;
				LastUpgradeCheck = 1430;
				TargetAttributes = {
					5514C3E92A93700700B05A4E = {
						CreatedOnToolsVersion = 14.3.1;
					};
					5514C3F92A93700900B05A4E = {
						CreatedOnToolsVersion = 14.3.1;
						TestTargetID = 5514C3E92A93700700B05A4E;
					};
					5514C4032A93700900B05A4E = {
						CreatedOnToolsVersion = 14.3.1;
						TestTargetID = 5514C3E92A93700700B05A4E;
					};
				};
			};
			buildConfigurationList = 5514C3E52A93700700B05A4E /* Build configuration list for PBXProject "MoonShot" */;
			compatibilityVersion = "Xcode 14.0";
			developmentRegion = en;
			hasScannedForEncodings = 0;
			knownRegions = (
				en,
				Base,
			);
			mainGroup = 5514C3E12A93700700B05A4E;
			productRefGroup = 5514C3EB2A93700700B05A4E /* Products */;
			projectDirPath = "";
			projectRoot = "";
			targets = (
				5514C3E92A93700700B05A4E /* MoonShot */,
				5514C3F92A93700900B05A4E /* MoonShotTests */,
				5514C4032A93700900B05A4E /* MoonShotUITests */,
			);
		};
/* End PBXProject section */

/* Begin PBXResourcesBuildPhase section */
		5514C3E82A93700700B05A4E /* Resources */ = {
			isa = PBXResourcesBuildPhase;
			buildActionMask = 2147483647;
			files = (
				5514C4202AA5ED3700B05A4E /* astronauts.json in Resources */,
				5514C3F52A93700900B05A4E /* Preview Assets.xcassets in Resources */,
				5514C4222AA5ED3D00B05A4E /* missions.json in Resources */,
				5514C3F22A93700900B05A4E /* Assets.xcassets in Resources */,
			);
			runOnlyForDeploymentPostprocessing = 0;
		};
		5514C3F82A93700900B05A4E /* Resources */ = {
			isa = PBXResourcesBuildPhase;
			buildActionMask = 2147483647;
			files = (
			);
			runOnlyForDeploymentPostprocessing = 0;
		};
		5514C4022A93700900B05A4E /* Resources */ = {
			isa = PBXResourcesBuildPhase;
			buildActionMask = 2147483647;
			files = (
			);
			runOnlyForDeploymentPostprocessing = 0;
		};
/* End PBXResourcesBuildPhase section */

/* Begin PBXSourcesBuildPhase section */
		5514C3E62A93700700B05A4E /* Sources */ = {
			isa = PBXSourcesBuildPhase;
			buildActionMask = 2147483647;
			files = (
				5514C4242AA5F5AA00B05A4E /* Astronaut .swift in Sources */,
				5514C42A2AA65E5600B05A4E /* Color-theme.swift in Sources */,
				5514C3F02A93700700B05A4E /* ContentView.swift in Sources */,
				5514C3EE2A93700700B05A4E /* MoonShotApp.swift in Sources */,
				5514C4262AA615C500B05A4E /* bundle-decodable.swift in Sources */,
				5514C42E2AA7622B00B05A4E /* MissionView.swift in Sources */,
				5514C4282AA61AFA00B05A4E /* Mission.swift in Sources */,
			);
			runOnlyForDeploymentPostprocessing = 0;
		};
		5514C3F62A93700900B05A4E /* Sources */ = {
			isa = PBXSourcesBuildPhase;
			buildActionMask = 2147483647;
			files = (
				5514C3FF2A93700900B05A4E /* MoonShotTests.swift in Sources */,
			);
			runOnlyForDeploymentPostprocessing = 0;
		};
		5514C4002A93700900B05A4E /* Sources */ = {
			isa = PBXSourcesBuildPhase;
			buildActionMask = 2147483647;
			files = (
				5514C40B2A93700900B05A4E /* MoonShotUITestsLaunchTests.swift in Sources */,
				5514C4092A93700900B05A4E /* MoonShotUITests.swift in Sources */,
			);
			runOnlyForDeploymentPostprocessing = 0;
		};
/* End PBXSourcesBuildPhase section */

/* Begin PBXTargetDependency section */
		5514C3FC2A93700900B05A4E /* PBXTargetDependency */ = {
			isa = PBXTargetDependency;
			target = 5514C3E92A93700700B05A4E /* MoonShot */;
			targetProxy = 5514C3FB2A93700900B05A4E /* PBXContainerItemProxy */;
		};
		5514C4062A93700900B05A4E /* PBXTargetDependency */ = {
			isa = PBXTargetDependency;
			target = 5514C3E92A93700700B05A4E /* MoonShot */;
			targetProxy = 5514C4052A93700900B05A4E /* PBXContainerItemProxy */;
		};
/* End PBXTargetDependency section */

/* Begin XCBuildConfiguration section */
		5514C40C2A93700900B05A4E /* Debug */ = {
			isa = XCBuildConfiguration;
			buildSettings = {
				ALWAYS_SEARCH_USER_PATHS = NO;
				CLANG_ANALYZER_NONNULL = YES;
				CLANG_ANALYZER_NUMBER_OBJECT_CONVERSION = YES_AGGRESSIVE;
				CLANG_CXX_LANGUAGE_STANDARD = "gnu++20";
				CLANG_ENABLE_MODULES = YES;
				CLANG_ENABLE_OBJC_ARC = YES;
				CLANG_ENABLE_OBJC_WEAK = YES;
				CLANG_WARN_BLOCK_CAPTURE_AUTORELEASING = YES;
				CLANG_WARN_BOOL_CONVERSION = YES;
				CLANG_WARN_COMMA = YES;
				CLANG_WARN_CONSTANT_CONVERSION = YES;
				CLANG_WARN_DEPRECATED_OBJC_IMPLEMENTATIONS = YES;
				CLANG_WARN_DIRECT_OBJC_ISA_USAGE = YES_ERROR;
				CLANG_WARN_DOCUMENTATION_COMMENTS = YES;
				CLANG_WARN_EMPTY_BODY = YES;
				CLANG_WARN_ENUM_CONVERSION = YES;
				CLANG_WARN_INFINITE_RECURSION = YES;
				CLANG_WARN_INT_CONVERSION = YES;
				CLANG_WARN_NON_LITERAL_NULL_CONVERSION = YES;
				CLANG_WARN_OBJC_IMPLICIT_RETAIN_SELF = YES;
				CLANG_WARN_OBJC_LITERAL_CONVERSION = YES;
				CLANG_WARN_OBJC_ROOT_CLASS = YES_ERROR;
				CLANG_WARN_QUOTED_INCLUDE_IN_FRAMEWORK_HEADER = YES;
				CLANG_WARN_RANGE_LOOP_ANALYSIS = YES;
				CLANG_WARN_STRICT_PROTOTYPES = YES;
				CLANG_WARN_SUSPICIOUS_MOVE = YES;
				CLANG_WARN_UNGUARDED_AVAILABILITY = YES_AGGRESSIVE;
				CLANG_WARN_UNREACHABLE_CODE = YES;
				CLANG_WARN__DUPLICATE_METHOD_MATCH = YES;
				COPY_PHASE_STRIP = NO;
				DEBUG_INFORMATION_FORMAT = dwarf;
				ENABLE_STRICT_OBJC_MSGSEND = YES;
				ENABLE_TESTABILITY = YES;
				GCC_C_LANGUAGE_STANDARD = gnu11;
				GCC_DYNAMIC_NO_PIC = NO;
				GCC_NO_COMMON_BLOCKS = YES;
				GCC_OPTIMIZATION_LEVEL = 0;
				GCC_PREPROCESSOR_DEFINITIONS = (
					"DEBUG=1",
					"$(inherited)",
				);
				GCC_WARN_64_TO_32_BIT_CONVERSION = YES;
				GCC_WARN_ABOUT_RETURN_TYPE = YES_ERROR;
				GCC_WARN_UNDECLARED_SELECTOR = YES;
				GCC_WARN_UNINITIALIZED_AUTOS = YES_AGGRESSIVE;
				GCC_WARN_UNUSED_FUNCTION = YES;
				GCC_WARN_UNUSED_VARIABLE = YES;
				IPHONEOS_DEPLOYMENT_TARGET = 16.4;
				MTL_ENABLE_DEBUG_INFO = INCLUDE_SOURCE;
				MTL_FAST_MATH = YES;
				ONLY_ACTIVE_ARCH = YES;
				SDKROOT = iphoneos;
				SWIFT_ACTIVE_COMPILATION_CONDITIONS = DEBUG;
				SWIFT_OPTIMIZATION_LEVEL = "-Onone";
			};
			name = Debug;
		};
		5514C40D2A93700900B05A4E /* Release */ = {
			isa = XCBuildConfiguration;
			buildSettings = {
				ALWAYS_SEARCH_USER_PATHS = NO;
				CLANG_ANALYZER_NONNULL = YES;
				CLANG_ANALYZER_NUMBER_OBJECT_CONVERSION = YES_AGGRESSIVE;
				CLANG_CXX_LANGUAGE_STANDARD = "gnu++20";
				CLANG_ENABLE_MODULES = YES;
				CLANG_ENABLE_OBJC_ARC = YES;
				CLANG_ENABLE_OBJC_WEAK = YES;
				CLANG_WARN_BLOCK_CAPTURE_AUTORELEASING = YES;
				CLANG_WARN_BOOL_CONVERSION = YES;
				CLANG_WARN_COMMA = YES;
				CLANG_WARN_CONSTANT_CONVERSION = YES;
				CLANG_WARN_DEPRECATED_OBJC_IMPLEMENTATIONS = YES;
				CLANG_WARN_DIRECT_OBJC_ISA_USAGE = YES_ERROR;
				CLANG_WARN_DOCUMENTATION_COMMENTS = YES;
				CLANG_WARN_EMPTY_BODY = YES;
				CLANG_WARN_ENUM_CONVERSION = YES;
				CLANG_WARN_INFINITE_RECURSION = YES;
				CLANG_WARN_INT_CONVERSION = YES;
				CLANG_WARN_NON_LITERAL_NULL_CONVERSION = YES;
				CLANG_WARN_OBJC_IMPLICIT_RETAIN_SELF = YES;
				CLANG_WARN_OBJC_LITERAL_CONVERSION = YES;
				CLANG_WARN_OBJC_ROOT_CLASS = YES_ERROR;
				CLANG_WARN_QUOTED_INCLUDE_IN_FRAMEWORK_HEADER = YES;
				CLANG_WARN_RANGE_LOOP_ANALYSIS = YES;
				CLANG_WARN_STRICT_PROTOTYPES = YES;
				CLANG_WARN_SUSPICIOUS_MOVE = YES;
				CLANG_WARN_UNGUARDED_AVAILABILITY = YES_AGGRESSIVE;
				CLANG_WARN_UNREACHABLE_CODE = YES;
				CLANG_WARN__DUPLICATE_METHOD_MATCH = YES;
				COPY_PHASE_STRIP = NO;
				DEBUG_INFORMATION_FORMAT = "dwarf-with-dsym";
				ENABLE_NS_ASSERTIONS = NO;
				ENABLE_STRICT_OBJC_MSGSEND = YES;
				GCC_C_LANGUAGE_STANDARD = gnu11;
				GCC_NO_COMMON_BLOCKS = YES;
				GCC_WARN_64_TO_32_BIT_CONVERSION = YES;
				GCC_WARN_ABOUT_RETURN_TYPE = YES_ERROR;
				GCC_WARN_UNDECLARED_SELECTOR = YES;
				GCC_WARN_UNINITIALIZED_AUTOS = YES_AGGRESSIVE;
				GCC_WARN_UNUSED_FUNCTION = YES;
				GCC_WARN_UNUSED_VARIABLE = YES;
				IPHONEOS_DEPLOYMENT_TARGET = 16.4;
				MTL_ENABLE_DEBUG_INFO = NO;
				MTL_FAST_MATH = YES;
				SDKROOT = iphoneos;
				SWIFT_COMPILATION_MODE = wholemodule;
				SWIFT_OPTIMIZATION_LEVEL = "-O";
				VALIDATE_PRODUCT = YES;
			};
			name = Release;
		};
		5514C40F2A93700900B05A4E /* Debug */ = {
			isa = XCBuildConfiguration;
			buildSettings = {
				ASSETCATALOG_COMPILER_APPICON_NAME = AppIcon;
				ASSETCATALOG_COMPILER_GLOBAL_ACCENT_COLOR_NAME = AccentColor;
				CODE_SIGN_STYLE = Automatic;
				CURRENT_PROJECT_VERSION = 1;
				DEVELOPMENT_ASSET_PATHS = "\"MoonShot/Preview Content\"";
				DEVELOPMENT_TEAM = 6T663578DD;
				ENABLE_PREVIEWS = YES;
				GENERATE_INFOPLIST_FILE = YES;
				INFOPLIST_KEY_UIApplicationSceneManifest_Generation = YES;
				INFOPLIST_KEY_UIApplicationSupportsIndirectInputEvents = YES;
				INFOPLIST_KEY_UILaunchScreen_Generation = YES;
				INFOPLIST_KEY_UISupportedInterfaceOrientations_iPad = "UIInterfaceOrientationPortrait UIInterfaceOrientationPortraitUpsideDown UIInterfaceOrientationLandscapeLeft UIInterfaceOrientationLandscapeRight";
				INFOPLIST_KEY_UISupportedInterfaceOrientations_iPhone = "UIInterfaceOrientationPortrait UIInterfaceOrientationLandscapeLeft UIInterfaceOrientationLandscapeRight";
				LD_RUNPATH_SEARCH_PATHS = (
					"$(inherited)",
					"@executable_path/Frameworks",
				);
				MARKETING_VERSION = 1.0;
				PRODUCT_BUNDLE_IDENTIFIER = Joseph.MoonShot;
				PRODUCT_NAME = "$(TARGET_NAME)";
				SWIFT_EMIT_LOC_STRINGS = YES;
				SWIFT_VERSION = 5.0;
				TARGETED_DEVICE_FAMILY = "1,2";
			};
			name = Debug;
		};
		5514C4102A93700900B05A4E /* Release */ = {
			isa = XCBuildConfiguration;
			buildSettings = {
				ASSETCATALOG_COMPILER_APPICON_NAME = AppIcon;
				ASSETCATALOG_COMPILER_GLOBAL_ACCENT_COLOR_NAME = AccentColor;
				CODE_SIGN_STYLE = Automatic;
				CURRENT_PROJECT_VERSION = 1;
				DEVELOPMENT_ASSET_PATHS = "\"MoonShot/Preview Content\"";
				DEVELOPMENT_TEAM = 6T663578DD;
				ENABLE_PREVIEWS = YES;
				GENERATE_INFOPLIST_FILE = YES;
				INFOPLIST_KEY_UIApplicationSceneManifest_Generation = YES;
				INFOPLIST_KEY_UIApplicationSupportsIndirectInputEvents = YES;
				INFOPLIST_KEY_UILaunchScreen_Generation = YES;
				INFOPLIST_KEY_UISupportedInterfaceOrientations_iPad = "UIInterfaceOrientationPortrait UIInterfaceOrientationPortraitUpsideDown UIInterfaceOrientationLandscapeLeft UIInterfaceOrientationLandscapeRight";
				INFOPLIST_KEY_UISupportedInterfaceOrientations_iPhone = "UIInterfaceOrientationPortrait UIInterfaceOrientationLandscapeLeft UIInterfaceOrientationLandscapeRight";
				LD_RUNPATH_SEARCH_PATHS = (
					"$(inherited)",
					"@executable_path/Frameworks",
				);
				MARKETING_VERSION = 1.0;
				PRODUCT_BUNDLE_IDENTIFIER = Joseph.MoonShot;
				PRODUCT_NAME = "$(TARGET_NAME)";
				SWIFT_EMIT_LOC_STRINGS = YES;
				SWIFT_VERSION = 5.0;
				TARGETED_DEVICE_FAMILY = "1,2";
			};
			name = Release;
		};
		5514C4122A93700900B05A4E /* Debug */ = {
			isa = XCBuildConfiguration;
			buildSettings = {
				ALWAYS_EMBED_SWIFT_STANDARD_LIBRARIES = YES;
				BUNDLE_LOADER = "$(TEST_HOST)";
				CODE_SIGN_STYLE = Automatic;
				CURRENT_PROJECT_VERSION = 1;
				DEVELOPMENT_TEAM = 6T663578DD;
				GENERATE_INFOPLIST_FILE = YES;
				IPHONEOS_DEPLOYMENT_TARGET = 16.4;
				MARKETING_VERSION = 1.0;
				PRODUCT_BUNDLE_IDENTIFIER = Joseph.MoonShotTests;
				PRODUCT_NAME = "$(TARGET_NAME)";
				SWIFT_EMIT_LOC_STRINGS = NO;
				SWIFT_VERSION = 5.0;
				TARGETED_DEVICE_FAMILY = "1,2";
				TEST_HOST = "$(BUILT_PRODUCTS_DIR)/MoonShot.app/$(BUNDLE_EXECUTABLE_FOLDER_PATH)/MoonShot";
			};
			name = Debug;
		};
		5514C4132A93700900B05A4E /* Release */ = {
			isa = XCBuildConfiguration;
			buildSettings = {
				ALWAYS_EMBED_SWIFT_STANDARD_LIBRARIES = YES;
				BUNDLE_LOADER = "$(TEST_HOST)";
				CODE_SIGN_STYLE = Automatic;
				CURRENT_PROJECT_VERSION = 1;
				DEVELOPMENT_TEAM = 6T663578DD;
				GENERATE_INFOPLIST_FILE = YES;
				IPHONEOS_DEPLOYMENT_TARGET = 16.4;
				MARKETING_VERSION = 1.0;
				PRODUCT_BUNDLE_IDENTIFIER = Joseph.MoonShotTests;
				PRODUCT_NAME = "$(TARGET_NAME)";
				SWIFT_EMIT_LOC_STRINGS = NO;
				SWIFT_VERSION = 5.0;
				TARGETED_DEVICE_FAMILY = "1,2";
				TEST_HOST = "$(BUILT_PRODUCTS_DIR)/MoonShot.app/$(BUNDLE_EXECUTABLE_FOLDER_PATH)/MoonShot";
			};
			name = Release;
		};
		5514C4152A93700900B05A4E /* Debug */ = {
			isa = XCBuildConfiguration;
			buildSettings = {
				ALWAYS_EMBED_SWIFT_STANDARD_LIBRARIES = YES;
				CODE_SIGN_STYLE = Automatic;
				CURRENT_PROJECT_VERSION = 1;
				DEVELOPMENT_TEAM = 6T663578DD;
				GENERATE_INFOPLIST_FILE = YES;
				MARKETING_VERSION = 1.0;
				PRODUCT_BUNDLE_IDENTIFIER = Joseph.MoonShotUITests;
				PRODUCT_NAME = "$(TARGET_NAME)";
				SWIFT_EMIT_LOC_STRINGS = NO;
				SWIFT_VERSION = 5.0;
				TARGETED_DEVICE_FAMILY = "1,2";
				TEST_TARGET_NAME = MoonShot;
			};
			name = Debug;
		};
		5514C4162A93700900B05A4E /* Release */ = {
			isa = XCBuildConfiguration;
			buildSettings = {
				ALWAYS_EMBED_SWIFT_STANDARD_LIBRARIES = YES;
				CODE_SIGN_STYLE = Automatic;
				CURRENT_PROJECT_VERSION = 1;
				DEVELOPMENT_TEAM = 6T663578DD;
				GENERATE_INFOPLIST_FILE = YES;
				MARKETING_VERSION = 1.0;
				PRODUCT_BUNDLE_IDENTIFIER = Joseph.MoonShotUITests;
				PRODUCT_NAME = "$(TARGET_NAME)";
				SWIFT_EMIT_LOC_STRINGS = NO;
				SWIFT_VERSION = 5.0;
				TARGETED_DEVICE_FAMILY = "1,2";
				TEST_TARGET_NAME = MoonShot;
			};
			name = Release;
		};
/* End XCBuildConfiguration section */

/* Begin XCConfigurationList section */
		5514C3E52A93700700B05A4E /* Build configuration list for PBXProject "MoonShot" */ = {
			isa = XCConfigurationList;
			buildConfigurations = (
				5514C40C2A93700900B05A4E /* Debug */,
				5514C40D2A93700900B05A4E /* Release */,
			);
			defaultConfigurationIsVisible = 0;
			defaultConfigurationName = Release;
		};
		5514C40E2A93700900B05A4E /* Build configuration list for PBXNativeTarget "MoonShot" */ = {
			isa = XCConfigurationList;
			buildConfigurations = (
				5514C40F2A93700900B05A4E /* Debug */,
				5514C4102A93700900B05A4E /* Release */,
			);
			defaultConfigurationIsVisible = 0;
			defaultConfigurationName = Release;
		};
		5514C4112A93700900B05A4E /* Build configuration list for PBXNativeTarget "MoonShotTests" */ = {
			isa = XCConfigurationList;
			buildConfigurations = (
				5514C4122A93700900B05A4E /* Debug */,
				5514C4132A93700900B05A4E /* Release */,
			);
			defaultConfigurationIsVisible = 0;
			defaultConfigurationName = Release;
		};
		5514C4142A93700900B05A4E /* Build configuration list for PBXNativeTarget "MoonShotUITests" */ = {
			isa = XCConfigurationList;
			buildConfigurations = (
				5514C4152A93700900B05A4E /* Debug */,
				5514C4162A93700900B05A4E /* Release */,
			);
			defaultConfigurationIsVisible = 0;
			defaultConfigurationName = Release;
		};
/* End XCConfigurationList section */
	};
	rootObject = 5514C3E22A93700700B05A4E /* Project object */;
}
